
Microsoft Visual Studio Solution File, Format Version 12.00
# Visual Studio Version 17
VisualStudioVersion = 17.3.32811.315
MinimumVisualStudioVersion = 10.0.40219.1
Project("{9A19103F-16F7-4668-BE54-9A1E7A4F7556}") = "TobuSeisouSystemNet2022", "TobuSeisouSystemNet2022\TobuSeisouSystemNet2022.csproj", "{37EA8C4D-DE09-4E22-9DCB-11F21757A413}"
EndProject
Project("{9A19103F-16F7-4668-BE54-9A1E7A4F7556}") = "Common", "Common\Common.csproj", "{B8E40A4C-FAB1-4CEE-A7D5-36F0A02A02B0}"
EndProject
Project("{9A19103F-16F7-4668-BE54-9A1E7A4F7556}") = "Vo", "Vo\Vo.csproj", "{A35D10F7-1782-4372-91C5-945E9A8B0CE8}"
EndProject
Project("{9A19103F-16F7-4668-BE54-9A1E7A4F7556}") = "VehicleDispatch", "VehicleDispatch\VehicleDispatch.csproj", "{F4D48A19-927E-43E5-AD12-16F10EDD9691}"
EndProject
Project("{9A19103F-16F7-4668-BE54-9A1E7A4F7556}") = "ControlEx", "ControlEx\ControlEx.csproj", "{9CBBBD77-313C-47C1-85FA-02DA6C1CD81F}"
EndProject
Project("{9A19103F-16F7-4668-BE54-9A1E7A4F7556}") = "Dao", "Dao\Dao.csproj", "{65452013-3A2B-4301-9580-5551E489DC4D}"
EndProject
Project("{9A19103F-16F7-4668-BE54-9A1E7A4F7556}") = "Production", "Production\Production.csproj", "{F1CDAD5B-87CD-48CF-8F5D-BDE34FA3DE26}"
EndProject
Project("{9A19103F-16F7-4668-BE54-9A1E7A4F7556}") = "Staff", "Staff\Staff.csproj", "{2B83827A-CF0E-4FAE-B652-43F69D0E0145}"
EndProject
Project("{9A19103F-16F7-4668-BE54-9A1E7A4F7556}") = "License", "License\License.csproj", "{47706970-0D07-4893-BBB9-AA12F4141672}"
EndProject
Project("{9A19103F-16F7-4668-BE54-9A1E7A4F7556}") = "CarAccident", "CarAccident\CarAccident.csproj", "{D9DFEF19-7DAB-4D0B-A407-7C8BDF94FD44}"
EndProject
Project("{9A19103F-16F7-4668-BE54-9A1E7A4F7556}") = "Car", "Car\Car.csproj", "{D45D5CEF-1B2D-4359-896A-5B83A5AC05B7}"
EndProject
Project("{9A19103F-16F7-4668-BE54-9A1E7A4F7556}") = "CommuterInsurance", "CommuterInsurance\CommuterInsurance.csproj", "{F7C278CC-2FDD-47A6-B980-08AB9EAC17DB}"
EndProject
Project("{9A19103F-16F7-4668-BE54-9A1E7A4F7556}") = "VehicleDispatchConvert", "VehicleDispatchConvert\VehicleDispatchConvert.csproj", "{0D5ABDFC-8484-4370-A318-69A78C968808}"
EndProject
Project("{9A19103F-16F7-4668-BE54-9A1E7A4F7556}") = "StaffDetail", "StaffDetail\StaffDetail.csproj", "{6BD190AE-D85B-4CD1-BF2E-E288AB627AD8}"
EndProject
Project("{9A19103F-16F7-4668-BE54-9A1E7A4F7556}") = "Accounting", "Accounting\Accounting.csproj", "{D739C646-1E4B-4283-93C2-9344256EA817}"
EndProject
Project("{9A19103F-16F7-4668-BE54-9A1E7A4F7556}") = "VehicleDispatchSheet", "VehicleDispatchSheet\VehicleDispatchSheet.csproj", "{77477FFA-DDC9-40D7-BE01-80FE4050FB54}"
EndProject
Project("{9A19103F-16F7-4668-BE54-9A1E7A4F7556}") = "RollCall", "RollCall\RollCall.csproj", "{B474178E-12BD-4381-A286-A759362581A5}"
EndProject
Project("{9A19103F-16F7-4668-BE54-9A1E7A4F7556}") = "HighWayReport", "HighWayReport\HighWayReport.csproj", "{19ED15AF-AD54-4738-B2EA-E7B73CE16AA6}"
EndProject
Project("{9A19103F-16F7-4668-BE54-9A1E7A4F7556}") = "Toukanpo", "Toukanpo\Toukanpo.csproj", "{50F46F30-028D-4F32-A4C4-4E69A9EA9C7A}"
EndProject
Project("{9A19103F-16F7-4668-BE54-9A1E7A4F7556}") = "Certification", "Certification\Certification.csproj", "{2B863556-B31A-4C11-ACD1-2BB96E5510C1}"
EndProject
Project("{9A19103F-16F7-4668-BE54-9A1E7A4F7556}") = "WardSpreadsheet", "WardSpreadsheet\WardSpreadsheet.csproj", "{73622704-7A67-4358-99CD-0883FD0905C3}"
EndProject
Project("{9A19103F-16F7-4668-BE54-9A1E7A4F7556}") = "SubstituteSheet", "SubstituteSheet\SubstituteSheet.csproj", "{D6286D52-1F78-4BF9-8603-A48572AF3ED1}"
EndProject
Project("{9A19103F-16F7-4668-BE54-9A1E7A4F7556}") = "Yazaki", "Yazaki\Yazaki.csproj", "{CB433808-AAC0-4910-95AF-A57A0379973B}"
EndProject
Project("{9A19103F-16F7-4668-BE54-9A1E7A4F7556}") = "Supply", "Supply\Supply.csproj", "{C0954E20-1A93-42D6-B4D4-19B1B809A066}"
EndProject
Project("{9A19103F-16F7-4668-BE54-9A1E7A4F7556}") = "StatusOfResidence", "StatusOfResidence\StatusOfResidence.csproj", "{7D73D4B1-DCA4-4276-9D04-BBBC3A7406EA}"
EndProject
Project("{9A19103F-16F7-4668-BE54-9A1E7A4F7556}") = "CollectionWeight", "CollectionWeight\CollectionWeight.csproj", "{C3F65BBC-BD8A-4410-91A8-E70B4EB7F638}"
EndProject
Project("{9A19103F-16F7-4668-BE54-9A1E7A4F7556}") = "LegalTwelveItem", "LegalTwelveItem\LegalTwelveItem.csproj", "{0E00486D-AF59-41C6-A719-01F20A57ECD5}"
EndProject
Project("{9A19103F-16F7-4668-BE54-9A1E7A4F7556}") = "H_VehicleDispatch", "H_VehicleDispatch\H_VehicleDispatch.csproj", "{11689073-BA82-4E71-AE89-5D86690653A0}"
EndProject
Project("{9A19103F-16F7-4668-BE54-9A1E7A4F7556}") = "H_Common", "H_Common\H_Common.csproj", "{D7F80898-A48A-404D-880E-FF5450EB6F4C}"
EndProject
Project("{9A19103F-16F7-4668-BE54-9A1E7A4F7556}") = "H_ControlEx", "H_ControlEx\H_ControlEx.csproj", "{911D1C38-838A-4954-99BA-2250799110D4}"
EndProject
Project("{9A19103F-16F7-4668-BE54-9A1E7A4F7556}") = "H_Vo", "H_Vo\H_Vo.csproj", "{71B05313-D387-4935-8892-ACFC8F023CD1}"
EndProject
Project("{9A19103F-16F7-4668-BE54-9A1E7A4F7556}") = "H_Dao", "H_Dao\H_Dao.csproj", "{2A032298-1B4F-4391-B39B-3118D1B215E4}"
EndProject
Project("{9A19103F-16F7-4668-BE54-9A1E7A4F7556}") = "H_StockBox", "StockBox\H_StockBox.csproj", "{83C7725A-F444-4351-97DE-5DCE1D982125}"
EndProject
Project("{9A19103F-16F7-4668-BE54-9A1E7A4F7556}") = "H_Utility", "H_Utility\H_Utility.csproj", "{9C34D595-053F-4EE0-9D22-782D1563799E}"
EndProject
Project("{9A19103F-16F7-4668-BE54-9A1E7A4F7556}") = "H_Staff", "H_Staff\H_Staff.csproj", "{5ED0E92D-6899-4FDF-8464-B9EBA2EBE92C}"
EndProject
Project("{9A19103F-16F7-4668-BE54-9A1E7A4F7556}") = "H_RollColl", "H_RollColl\H_RollColl.csproj", "{2D0560C4-FE29-4E08-A6F3-56269C088BA0}"
EndProject
Project("{9A19103F-16F7-4668-BE54-9A1E7A4F7556}") = "H_CollectionWeight", "H_CollectionWeight\H_CollectionWeight.csproj", "{D0326050-2C99-4F80-A7F3-543A99E42095}"
EndProject
Project("{9A19103F-16F7-4668-BE54-9A1E7A4F7556}") = "H_Toukanpo", "H_Toukanpo\H_Toukanpo.csproj", "{CEAB9EC0-DA80-44A4-A15C-57E45B5A6221}"
EndProject
Project("{9A19103F-16F7-4668-BE54-9A1E7A4F7556}") = "H_Car", "H_Car\H_Car.csproj", "{89F41D8A-AAB6-47D1-AE34-482340ECEC27}"
EndProject
Project("{9A19103F-16F7-4668-BE54-9A1E7A4F7556}") = "H_License", "H_License\H_License.csproj", "{BC74F6B5-9161-49B1-AF0E-292A8A064D06}"
EndProject
Global
	GlobalSection(SolutionConfigurationPlatforms) = preSolution
		Debug|Any CPU = Debug|Any CPU
		Debug|x64 = Debug|x64
		Release|Any CPU = Release|Any CPU
		Release|x64 = Release|x64
	EndGlobalSection
	GlobalSection(ProjectConfigurationPlatforms) = postSolution
		{37EA8C4D-DE09-4E22-9DCB-11F21757A413}.Debug|Any CPU.ActiveCfg = Debug|Any CPU
		{37EA8C4D-DE09-4E22-9DCB-11F21757A413}.Debug|Any CPU.Build.0 = Debug|Any CPU
		{37EA8C4D-DE09-4E22-9DCB-11F21757A413}.Debug|x64.ActiveCfg = Debug|Any CPU
		{37EA8C4D-DE09-4E22-9DCB-11F21757A413}.Debug|x64.Build.0 = Debug|Any CPU
		{37EA8C4D-DE09-4E22-9DCB-11F21757A413}.Release|Any CPU.ActiveCfg = Release|Any CPU
		{37EA8C4D-DE09-4E22-9DCB-11F21757A413}.Release|Any CPU.Build.0 = Release|Any CPU
		{37EA8C4D-DE09-4E22-9DCB-11F21757A413}.Release|x64.ActiveCfg = Release|Any CPU
		{37EA8C4D-DE09-4E22-9DCB-11F21757A413}.Release|x64.Build.0 = Release|Any CPU
		{B8E40A4C-FAB1-4CEE-A7D5-36F0A02A02B0}.Debug|Any CPU.ActiveCfg = Debug|Any CPU
		{B8E40A4C-FAB1-4CEE-A7D5-36F0A02A02B0}.Debug|Any CPU.Build.0 = Debug|Any CPU
		{B8E40A4C-FAB1-4CEE-A7D5-36F0A02A02B0}.Debug|x64.ActiveCfg = Debug|Any CPU
		{B8E40A4C-FAB1-4CEE-A7D5-36F0A02A02B0}.Debug|x64.Build.0 = Debug|Any CPU
		{B8E40A4C-FAB1-4CEE-A7D5-36F0A02A02B0}.Release|Any CPU.ActiveCfg = Release|Any CPU
		{B8E40A4C-FAB1-4CEE-A7D5-36F0A02A02B0}.Release|Any CPU.Build.0 = Release|Any CPU
		{B8E40A4C-FAB1-4CEE-A7D5-36F0A02A02B0}.Release|x64.ActiveCfg = Release|Any CPU
		{B8E40A4C-FAB1-4CEE-A7D5-36F0A02A02B0}.Release|x64.Build.0 = Release|Any CPU
		{A35D10F7-1782-4372-91C5-945E9A8B0CE8}.Debug|Any CPU.ActiveCfg = Debug|Any CPU
		{A35D10F7-1782-4372-91C5-945E9A8B0CE8}.Debug|Any CPU.Build.0 = Debug|Any CPU
		{A35D10F7-1782-4372-91C5-945E9A8B0CE8}.Debug|x64.ActiveCfg = Debug|Any CPU
		{A35D10F7-1782-4372-91C5-945E9A8B0CE8}.Debug|x64.Build.0 = Debug|Any CPU
		{A35D10F7-1782-4372-91C5-945E9A8B0CE8}.Release|Any CPU.ActiveCfg = Release|Any CPU
		{A35D10F7-1782-4372-91C5-945E9A8B0CE8}.Release|Any CPU.Build.0 = Release|Any CPU
		{A35D10F7-1782-4372-91C5-945E9A8B0CE8}.Release|x64.ActiveCfg = Release|Any CPU
		{A35D10F7-1782-4372-91C5-945E9A8B0CE8}.Release|x64.Build.0 = Release|Any CPU
		{F4D48A19-927E-43E5-AD12-16F10EDD9691}.Debug|Any CPU.ActiveCfg = Debug|Any CPU
		{F4D48A19-927E-43E5-AD12-16F10EDD9691}.Debug|Any CPU.Build.0 = Debug|Any CPU
		{F4D48A19-927E-43E5-AD12-16F10EDD9691}.Debug|x64.ActiveCfg = Debug|Any CPU
		{F4D48A19-927E-43E5-AD12-16F10EDD9691}.Debug|x64.Build.0 = Debug|Any CPU
		{F4D48A19-927E-43E5-AD12-16F10EDD9691}.Release|Any CPU.ActiveCfg = Release|Any CPU
		{F4D48A19-927E-43E5-AD12-16F10EDD9691}.Release|Any CPU.Build.0 = Release|Any CPU
		{F4D48A19-927E-43E5-AD12-16F10EDD9691}.Release|x64.ActiveCfg = Release|Any CPU
		{F4D48A19-927E-43E5-AD12-16F10EDD9691}.Release|x64.Build.0 = Release|Any CPU
		{9CBBBD77-313C-47C1-85FA-02DA6C1CD81F}.Debug|Any CPU.ActiveCfg = Debug|Any CPU
		{9CBBBD77-313C-47C1-85FA-02DA6C1CD81F}.Debug|Any CPU.Build.0 = Debug|Any CPU
		{9CBBBD77-313C-47C1-85FA-02DA6C1CD81F}.Debug|x64.ActiveCfg = Debug|Any CPU
		{9CBBBD77-313C-47C1-85FA-02DA6C1CD81F}.Debug|x64.Build.0 = Debug|Any CPU
		{9CBBBD77-313C-47C1-85FA-02DA6C1CD81F}.Release|Any CPU.ActiveCfg = Release|Any CPU
		{9CBBBD77-313C-47C1-85FA-02DA6C1CD81F}.Release|Any CPU.Build.0 = Release|Any CPU
		{9CBBBD77-313C-47C1-85FA-02DA6C1CD81F}.Release|x64.ActiveCfg = Release|Any CPU
		{9CBBBD77-313C-47C1-85FA-02DA6C1CD81F}.Release|x64.Build.0 = Release|Any CPU
		{65452013-3A2B-4301-9580-5551E489DC4D}.Debug|Any CPU.ActiveCfg = Debug|Any CPU
		{65452013-3A2B-4301-9580-5551E489DC4D}.Debug|Any CPU.Build.0 = Debug|Any CPU
		{65452013-3A2B-4301-9580-5551E489DC4D}.Debug|x64.ActiveCfg = Debug|Any CPU
		{65452013-3A2B-4301-9580-5551E489DC4D}.Debug|x64.Build.0 = Debug|Any CPU
		{65452013-3A2B-4301-9580-5551E489DC4D}.Release|Any CPU.ActiveCfg = Release|Any CPU
		{65452013-3A2B-4301-9580-5551E489DC4D}.Release|Any CPU.Build.0 = Release|Any CPU
		{65452013-3A2B-4301-9580-5551E489DC4D}.Release|x64.ActiveCfg = Release|Any CPU
		{65452013-3A2B-4301-9580-5551E489DC4D}.Release|x64.Build.0 = Release|Any CPU
		{F1CDAD5B-87CD-48CF-8F5D-BDE34FA3DE26}.Debug|Any CPU.ActiveCfg = Debug|Any CPU
		{F1CDAD5B-87CD-48CF-8F5D-BDE34FA3DE26}.Debug|Any CPU.Build.0 = Debug|Any CPU
		{F1CDAD5B-87CD-48CF-8F5D-BDE34FA3DE26}.Debug|x64.ActiveCfg = Debug|Any CPU
		{F1CDAD5B-87CD-48CF-8F5D-BDE34FA3DE26}.Debug|x64.Build.0 = Debug|Any CPU
		{F1CDAD5B-87CD-48CF-8F5D-BDE34FA3DE26}.Release|Any CPU.ActiveCfg = Release|Any CPU
		{F1CDAD5B-87CD-48CF-8F5D-BDE34FA3DE26}.Release|Any CPU.Build.0 = Release|Any CPU
		{F1CDAD5B-87CD-48CF-8F5D-BDE34FA3DE26}.Release|x64.ActiveCfg = Release|Any CPU
		{F1CDAD5B-87CD-48CF-8F5D-BDE34FA3DE26}.Release|x64.Build.0 = Release|Any CPU
		{2B83827A-CF0E-4FAE-B652-43F69D0E0145}.Debug|Any CPU.ActiveCfg = Debug|Any CPU
		{2B83827A-CF0E-4FAE-B652-43F69D0E0145}.Debug|Any CPU.Build.0 = Debug|Any CPU
		{2B83827A-CF0E-4FAE-B652-43F69D0E0145}.Debug|x64.ActiveCfg = Debug|Any CPU
		{2B83827A-CF0E-4FAE-B652-43F69D0E0145}.Debug|x64.Build.0 = Debug|Any CPU
		{2B83827A-CF0E-4FAE-B652-43F69D0E0145}.Release|Any CPU.ActiveCfg = Release|Any CPU
		{2B83827A-CF0E-4FAE-B652-43F69D0E0145}.Release|Any CPU.Build.0 = Release|Any CPU
		{2B83827A-CF0E-4FAE-B652-43F69D0E0145}.Release|x64.ActiveCfg = Release|Any CPU
		{2B83827A-CF0E-4FAE-B652-43F69D0E0145}.Release|x64.Build.0 = Release|Any CPU
		{47706970-0D07-4893-BBB9-AA12F4141672}.Debug|Any CPU.ActiveCfg = Debug|Any CPU
		{47706970-0D07-4893-BBB9-AA12F4141672}.Debug|Any CPU.Build.0 = Debug|Any CPU
		{47706970-0D07-4893-BBB9-AA12F4141672}.Debug|x64.ActiveCfg = Debug|Any CPU
		{47706970-0D07-4893-BBB9-AA12F4141672}.Debug|x64.Build.0 = Debug|Any CPU
		{47706970-0D07-4893-BBB9-AA12F4141672}.Release|Any CPU.ActiveCfg = Release|Any CPU
		{47706970-0D07-4893-BBB9-AA12F4141672}.Release|Any CPU.Build.0 = Release|Any CPU
		{47706970-0D07-4893-BBB9-AA12F4141672}.Release|x64.ActiveCfg = Release|Any CPU
		{47706970-0D07-4893-BBB9-AA12F4141672}.Release|x64.Build.0 = Release|Any CPU
		{D9DFEF19-7DAB-4D0B-A407-7C8BDF94FD44}.Debug|Any CPU.ActiveCfg = Debug|Any CPU
		{D9DFEF19-7DAB-4D0B-A407-7C8BDF94FD44}.Debug|Any CPU.Build.0 = Debug|Any CPU
		{D9DFEF19-7DAB-4D0B-A407-7C8BDF94FD44}.Debug|x64.ActiveCfg = Debug|Any CPU
		{D9DFEF19-7DAB-4D0B-A407-7C8BDF94FD44}.Debug|x64.Build.0 = Debug|Any CPU
		{D9DFEF19-7DAB-4D0B-A407-7C8BDF94FD44}.Release|Any CPU.ActiveCfg = Release|Any CPU
		{D9DFEF19-7DAB-4D0B-A407-7C8BDF94FD44}.Release|Any CPU.Build.0 = Release|Any CPU
		{D9DFEF19-7DAB-4D0B-A407-7C8BDF94FD44}.Release|x64.ActiveCfg = Release|Any CPU
		{D9DFEF19-7DAB-4D0B-A407-7C8BDF94FD44}.Release|x64.Build.0 = Release|Any CPU
		{D45D5CEF-1B2D-4359-896A-5B83A5AC05B7}.Debug|Any CPU.ActiveCfg = Debug|Any CPU
		{D45D5CEF-1B2D-4359-896A-5B83A5AC05B7}.Debug|Any CPU.Build.0 = Debug|Any CPU
		{D45D5CEF-1B2D-4359-896A-5B83A5AC05B7}.Debug|x64.ActiveCfg = Debug|Any CPU
		{D45D5CEF-1B2D-4359-896A-5B83A5AC05B7}.Debug|x64.Build.0 = Debug|Any CPU
		{D45D5CEF-1B2D-4359-896A-5B83A5AC05B7}.Release|Any CPU.ActiveCfg = Release|Any CPU
		{D45D5CEF-1B2D-4359-896A-5B83A5AC05B7}.Release|Any CPU.Build.0 = Release|Any CPU
		{D45D5CEF-1B2D-4359-896A-5B83A5AC05B7}.Release|x64.ActiveCfg = Release|Any CPU
		{D45D5CEF-1B2D-4359-896A-5B83A5AC05B7}.Release|x64.Build.0 = Release|Any CPU
		{F7C278CC-2FDD-47A6-B980-08AB9EAC17DB}.Debug|Any CPU.ActiveCfg = Debug|Any CPU
		{F7C278CC-2FDD-47A6-B980-08AB9EAC17DB}.Debug|Any CPU.Build.0 = Debug|Any CPU
		{F7C278CC-2FDD-47A6-B980-08AB9EAC17DB}.Debug|x64.ActiveCfg = Debug|Any CPU
		{F7C278CC-2FDD-47A6-B980-08AB9EAC17DB}.Debug|x64.Build.0 = Debug|Any CPU
		{F7C278CC-2FDD-47A6-B980-08AB9EAC17DB}.Release|Any CPU.ActiveCfg = Release|Any CPU
		{F7C278CC-2FDD-47A6-B980-08AB9EAC17DB}.Release|Any CPU.Build.0 = Release|Any CPU
		{F7C278CC-2FDD-47A6-B980-08AB9EAC17DB}.Release|x64.ActiveCfg = Release|Any CPU
		{F7C278CC-2FDD-47A6-B980-08AB9EAC17DB}.Release|x64.Build.0 = Release|Any CPU
		{0D5ABDFC-8484-4370-A318-69A78C968808}.Debug|Any CPU.ActiveCfg = Debug|Any CPU
		{0D5ABDFC-8484-4370-A318-69A78C968808}.Debug|Any CPU.Build.0 = Debug|Any CPU
		{0D5ABDFC-8484-4370-A318-69A78C968808}.Debug|x64.ActiveCfg = Debug|Any CPU
		{0D5ABDFC-8484-4370-A318-69A78C968808}.Debug|x64.Build.0 = Debug|Any CPU
		{0D5ABDFC-8484-4370-A318-69A78C968808}.Release|Any CPU.ActiveCfg = Release|Any CPU
		{0D5ABDFC-8484-4370-A318-69A78C968808}.Release|Any CPU.Build.0 = Release|Any CPU
		{0D5ABDFC-8484-4370-A318-69A78C968808}.Release|x64.ActiveCfg = Release|Any CPU
		{0D5ABDFC-8484-4370-A318-69A78C968808}.Release|x64.Build.0 = Release|Any CPU
		{6BD190AE-D85B-4CD1-BF2E-E288AB627AD8}.Debug|Any CPU.ActiveCfg = Debug|Any CPU
		{6BD190AE-D85B-4CD1-BF2E-E288AB627AD8}.Debug|Any CPU.Build.0 = Debug|Any CPU
		{6BD190AE-D85B-4CD1-BF2E-E288AB627AD8}.Debug|x64.ActiveCfg = Debug|Any CPU
		{6BD190AE-D85B-4CD1-BF2E-E288AB627AD8}.Debug|x64.Build.0 = Debug|Any CPU
		{6BD190AE-D85B-4CD1-BF2E-E288AB627AD8}.Release|Any CPU.ActiveCfg = Release|Any CPU
		{6BD190AE-D85B-4CD1-BF2E-E288AB627AD8}.Release|Any CPU.Build.0 = Release|Any CPU
		{6BD190AE-D85B-4CD1-BF2E-E288AB627AD8}.Release|x64.ActiveCfg = Release|Any CPU
		{6BD190AE-D85B-4CD1-BF2E-E288AB627AD8}.Release|x64.Build.0 = Release|Any CPU
		{D739C646-1E4B-4283-93C2-9344256EA817}.Debug|Any CPU.ActiveCfg = Debug|Any CPU
		{D739C646-1E4B-4283-93C2-9344256EA817}.Debug|Any CPU.Build.0 = Debug|Any CPU
		{D739C646-1E4B-4283-93C2-9344256EA817}.Debug|x64.ActiveCfg = Debug|Any CPU
		{D739C646-1E4B-4283-93C2-9344256EA817}.Debug|x64.Build.0 = Debug|Any CPU
		{D739C646-1E4B-4283-93C2-9344256EA817}.Release|Any CPU.ActiveCfg = Release|Any CPU
		{D739C646-1E4B-4283-93C2-9344256EA817}.Release|Any CPU.Build.0 = Release|Any CPU
		{D739C646-1E4B-4283-93C2-9344256EA817}.Release|x64.ActiveCfg = Release|Any CPU
		{D739C646-1E4B-4283-93C2-9344256EA817}.Release|x64.Build.0 = Release|Any CPU
		{77477FFA-DDC9-40D7-BE01-80FE4050FB54}.Debug|Any CPU.ActiveCfg = Debug|Any CPU
		{77477FFA-DDC9-40D7-BE01-80FE4050FB54}.Debug|Any CPU.Build.0 = Debug|Any CPU
		{77477FFA-DDC9-40D7-BE01-80FE4050FB54}.Debug|x64.ActiveCfg = Debug|Any CPU
		{77477FFA-DDC9-40D7-BE01-80FE4050FB54}.Debug|x64.Build.0 = Debug|Any CPU
		{77477FFA-DDC9-40D7-BE01-80FE4050FB54}.Release|Any CPU.ActiveCfg = Release|Any CPU
		{77477FFA-DDC9-40D7-BE01-80FE4050FB54}.Release|Any CPU.Build.0 = Release|Any CPU
		{77477FFA-DDC9-40D7-BE01-80FE4050FB54}.Release|x64.ActiveCfg = Release|Any CPU
		{77477FFA-DDC9-40D7-BE01-80FE4050FB54}.Release|x64.Build.0 = Release|Any CPU
		{B474178E-12BD-4381-A286-A759362581A5}.Debug|Any CPU.ActiveCfg = Debug|Any CPU
		{B474178E-12BD-4381-A286-A759362581A5}.Debug|Any CPU.Build.0 = Debug|Any CPU
		{B474178E-12BD-4381-A286-A759362581A5}.Debug|x64.ActiveCfg = Debug|Any CPU
		{B474178E-12BD-4381-A286-A759362581A5}.Debug|x64.Build.0 = Debug|Any CPU
		{B474178E-12BD-4381-A286-A759362581A5}.Release|Any CPU.ActiveCfg = Release|Any CPU
		{B474178E-12BD-4381-A286-A759362581A5}.Release|Any CPU.Build.0 = Release|Any CPU
		{B474178E-12BD-4381-A286-A759362581A5}.Release|x64.ActiveCfg = Release|Any CPU
		{B474178E-12BD-4381-A286-A759362581A5}.Release|x64.Build.0 = Release|Any CPU
		{19ED15AF-AD54-4738-B2EA-E7B73CE16AA6}.Debug|Any CPU.ActiveCfg = Debug|Any CPU
		{19ED15AF-AD54-4738-B2EA-E7B73CE16AA6}.Debug|Any CPU.Build.0 = Debug|Any CPU
		{19ED15AF-AD54-4738-B2EA-E7B73CE16AA6}.Debug|x64.ActiveCfg = Debug|Any CPU
		{19ED15AF-AD54-4738-B2EA-E7B73CE16AA6}.Debug|x64.Build.0 = Debug|Any CPU
		{19ED15AF-AD54-4738-B2EA-E7B73CE16AA6}.Release|Any CPU.ActiveCfg = Release|Any CPU
		{19ED15AF-AD54-4738-B2EA-E7B73CE16AA6}.Release|Any CPU.Build.0 = Release|Any CPU
		{19ED15AF-AD54-4738-B2EA-E7B73CE16AA6}.Release|x64.ActiveCfg = Release|Any CPU
		{19ED15AF-AD54-4738-B2EA-E7B73CE16AA6}.Release|x64.Build.0 = Release|Any CPU
		{50F46F30-028D-4F32-A4C4-4E69A9EA9C7A}.Debug|Any CPU.ActiveCfg = Debug|Any CPU
		{50F46F30-028D-4F32-A4C4-4E69A9EA9C7A}.Debug|Any CPU.Build.0 = Debug|Any CPU
		{50F46F30-028D-4F32-A4C4-4E69A9EA9C7A}.Debug|x64.ActiveCfg = Debug|Any CPU
		{50F46F30-028D-4F32-A4C4-4E69A9EA9C7A}.Debug|x64.Build.0 = Debug|Any CPU
		{50F46F30-028D-4F32-A4C4-4E69A9EA9C7A}.Release|Any CPU.ActiveCfg = Release|Any CPU
		{50F46F30-028D-4F32-A4C4-4E69A9EA9C7A}.Release|Any CPU.Build.0 = Release|Any CPU
		{50F46F30-028D-4F32-A4C4-4E69A9EA9C7A}.Release|x64.ActiveCfg = Release|Any CPU
		{50F46F30-028D-4F32-A4C4-4E69A9EA9C7A}.Release|x64.Build.0 = Release|Any CPU
		{2B863556-B31A-4C11-ACD1-2BB96E5510C1}.Debug|Any CPU.ActiveCfg = Debug|Any CPU
		{2B863556-B31A-4C11-ACD1-2BB96E5510C1}.Debug|Any CPU.Build.0 = Debug|Any CPU
		{2B863556-B31A-4C11-ACD1-2BB96E5510C1}.Debug|x64.ActiveCfg = Debug|Any CPU
		{2B863556-B31A-4C11-ACD1-2BB96E5510C1}.Debug|x64.Build.0 = Debug|Any CPU
		{2B863556-B31A-4C11-ACD1-2BB96E5510C1}.Release|Any CPU.ActiveCfg = Release|Any CPU
		{2B863556-B31A-4C11-ACD1-2BB96E5510C1}.Release|Any CPU.Build.0 = Release|Any CPU
		{2B863556-B31A-4C11-ACD1-2BB96E5510C1}.Release|x64.ActiveCfg = Release|Any CPU
		{2B863556-B31A-4C11-ACD1-2BB96E5510C1}.Release|x64.Build.0 = Release|Any CPU
		{73622704-7A67-4358-99CD-0883FD0905C3}.Debug|Any CPU.ActiveCfg = Debug|Any CPU
		{73622704-7A67-4358-99CD-0883FD0905C3}.Debug|Any CPU.Build.0 = Debug|Any CPU
		{73622704-7A67-4358-99CD-0883FD0905C3}.Debug|x64.ActiveCfg = Debug|Any CPU
		{73622704-7A67-4358-99CD-0883FD0905C3}.Debug|x64.Build.0 = Debug|Any CPU
		{73622704-7A67-4358-99CD-0883FD0905C3}.Release|Any CPU.ActiveCfg = Release|Any CPU
		{73622704-7A67-4358-99CD-0883FD0905C3}.Release|Any CPU.Build.0 = Release|Any CPU
		{73622704-7A67-4358-99CD-0883FD0905C3}.Release|x64.ActiveCfg = Release|Any CPU
		{73622704-7A67-4358-99CD-0883FD0905C3}.Release|x64.Build.0 = Release|Any CPU
		{D6286D52-1F78-4BF9-8603-A48572AF3ED1}.Debug|Any CPU.ActiveCfg = Debug|Any CPU
		{D6286D52-1F78-4BF9-8603-A48572AF3ED1}.Debug|Any CPU.Build.0 = Debug|Any CPU
		{D6286D52-1F78-4BF9-8603-A48572AF3ED1}.Debug|x64.ActiveCfg = Debug|Any CPU
		{D6286D52-1F78-4BF9-8603-A48572AF3ED1}.Debug|x64.Build.0 = Debug|Any CPU
		{D6286D52-1F78-4BF9-8603-A48572AF3ED1}.Release|Any CPU.ActiveCfg = Release|Any CPU
		{D6286D52-1F78-4BF9-8603-A48572AF3ED1}.Release|Any CPU.Build.0 = Release|Any CPU
		{D6286D52-1F78-4BF9-8603-A48572AF3ED1}.Release|x64.ActiveCfg = Release|Any CPU
		{D6286D52-1F78-4BF9-8603-A48572AF3ED1}.Release|x64.Build.0 = Release|Any CPU
		{CB433808-AAC0-4910-95AF-A57A0379973B}.Debug|Any CPU.ActiveCfg = Debug|Any CPU
		{CB433808-AAC0-4910-95AF-A57A0379973B}.Debug|Any CPU.Build.0 = Debug|Any CPU
		{CB433808-AAC0-4910-95AF-A57A0379973B}.Debug|x64.ActiveCfg = Debug|Any CPU
		{CB433808-AAC0-4910-95AF-A57A0379973B}.Debug|x64.Build.0 = Debug|Any CPU
		{CB433808-AAC0-4910-95AF-A57A0379973B}.Release|Any CPU.ActiveCfg = Release|Any CPU
		{CB433808-AAC0-4910-95AF-A57A0379973B}.Release|Any CPU.Build.0 = Release|Any CPU
		{CB433808-AAC0-4910-95AF-A57A0379973B}.Release|x64.ActiveCfg = Release|Any CPU
		{CB433808-AAC0-4910-95AF-A57A0379973B}.Release|x64.Build.0 = Release|Any CPU
		{C0954E20-1A93-42D6-B4D4-19B1B809A066}.Debug|Any CPU.ActiveCfg = Debug|Any CPU
		{C0954E20-1A93-42D6-B4D4-19B1B809A066}.Debug|Any CPU.Build.0 = Debug|Any CPU
		{C0954E20-1A93-42D6-B4D4-19B1B809A066}.Debug|x64.ActiveCfg = Debug|Any CPU
		{C0954E20-1A93-42D6-B4D4-19B1B809A066}.Debug|x64.Build.0 = Debug|Any CPU
		{C0954E20-1A93-42D6-B4D4-19B1B809A066}.Release|Any CPU.ActiveCfg = Release|Any CPU
		{C0954E20-1A93-42D6-B4D4-19B1B809A066}.Release|Any CPU.Build.0 = Release|Any CPU
		{C0954E20-1A93-42D6-B4D4-19B1B809A066}.Release|x64.ActiveCfg = Release|Any CPU
		{C0954E20-1A93-42D6-B4D4-19B1B809A066}.Release|x64.Build.0 = Release|Any CPU
		{7D73D4B1-DCA4-4276-9D04-BBBC3A7406EA}.Debug|Any CPU.ActiveCfg = Debug|Any CPU
		{7D73D4B1-DCA4-4276-9D04-BBBC3A7406EA}.Debug|Any CPU.Build.0 = Debug|Any CPU
		{7D73D4B1-DCA4-4276-9D04-BBBC3A7406EA}.Debug|x64.ActiveCfg = Debug|Any CPU
		{7D73D4B1-DCA4-4276-9D04-BBBC3A7406EA}.Debug|x64.Build.0 = Debug|Any CPU
		{7D73D4B1-DCA4-4276-9D04-BBBC3A7406EA}.Release|Any CPU.ActiveCfg = Release|Any CPU
		{7D73D4B1-DCA4-4276-9D04-BBBC3A7406EA}.Release|Any CPU.Build.0 = Release|Any CPU
		{7D73D4B1-DCA4-4276-9D04-BBBC3A7406EA}.Release|x64.ActiveCfg = Release|Any CPU
		{7D73D4B1-DCA4-4276-9D04-BBBC3A7406EA}.Release|x64.Build.0 = Release|Any CPU
		{C3F65BBC-BD8A-4410-91A8-E70B4EB7F638}.Debug|Any CPU.ActiveCfg = Debug|Any CPU
		{C3F65BBC-BD8A-4410-91A8-E70B4EB7F638}.Debug|Any CPU.Build.0 = Debug|Any CPU
		{C3F65BBC-BD8A-4410-91A8-E70B4EB7F638}.Debug|x64.ActiveCfg = Debug|Any CPU
		{C3F65BBC-BD8A-4410-91A8-E70B4EB7F638}.Debug|x64.Build.0 = Debug|Any CPU
		{C3F65BBC-BD8A-4410-91A8-E70B4EB7F638}.Release|Any CPU.ActiveCfg = Release|Any CPU
		{C3F65BBC-BD8A-4410-91A8-E70B4EB7F638}.Release|Any CPU.Build.0 = Release|Any CPU
		{C3F65BBC-BD8A-4410-91A8-E70B4EB7F638}.Release|x64.ActiveCfg = Release|Any CPU
		{C3F65BBC-BD8A-4410-91A8-E70B4EB7F638}.Release|x64.Build.0 = Release|Any CPU
		{0E00486D-AF59-41C6-A719-01F20A57ECD5}.Debug|Any CPU.ActiveCfg = Debug|Any CPU
		{0E00486D-AF59-41C6-A719-01F20A57ECD5}.Debug|Any CPU.Build.0 = Debug|Any CPU
		{0E00486D-AF59-41C6-A719-01F20A57ECD5}.Debug|x64.ActiveCfg = Debug|Any CPU
		{0E00486D-AF59-41C6-A719-01F20A57ECD5}.Debug|x64.Build.0 = Debug|Any CPU
		{0E00486D-AF59-41C6-A719-01F20A57ECD5}.Release|Any CPU.ActiveCfg = Release|Any CPU
		{0E00486D-AF59-41C6-A719-01F20A57ECD5}.Release|Any CPU.Build.0 = Release|Any CPU
		{0E00486D-AF59-41C6-A719-01F20A57ECD5}.Release|x64.ActiveCfg = Release|Any CPU
		{0E00486D-AF59-41C6-A719-01F20A57ECD5}.Release|x64.Build.0 = Release|Any CPU
		{11689073-BA82-4E71-AE89-5D86690653A0}.Debug|Any CPU.ActiveCfg = Debug|Any CPU
		{11689073-BA82-4E71-AE89-5D86690653A0}.Debug|Any CPU.Build.0 = Debug|Any CPU
		{11689073-BA82-4E71-AE89-5D86690653A0}.Debug|x64.ActiveCfg = Debug|Any CPU
		{11689073-BA82-4E71-AE89-5D86690653A0}.Debug|x64.Build.0 = Debug|Any CPU
		{11689073-BA82-4E71-AE89-5D86690653A0}.Release|Any CPU.ActiveCfg = Release|Any CPU
		{11689073-BA82-4E71-AE89-5D86690653A0}.Release|Any CPU.Build.0 = Release|Any CPU
		{11689073-BA82-4E71-AE89-5D86690653A0}.Release|x64.ActiveCfg = Release|Any CPU
		{11689073-BA82-4E71-AE89-5D86690653A0}.Release|x64.Build.0 = Release|Any CPU
		{D7F80898-A48A-404D-880E-FF5450EB6F4C}.Debug|Any CPU.ActiveCfg = Debug|Any CPU
		{D7F80898-A48A-404D-880E-FF5450EB6F4C}.Debug|Any CPU.Build.0 = Debug|Any CPU
		{D7F80898-A48A-404D-880E-FF5450EB6F4C}.Debug|x64.ActiveCfg = Debug|Any CPU
		{D7F80898-A48A-404D-880E-FF5450EB6F4C}.Debug|x64.Build.0 = Debug|Any CPU
		{D7F80898-A48A-404D-880E-FF5450EB6F4C}.Release|Any CPU.ActiveCfg = Release|Any CPU
		{D7F80898-A48A-404D-880E-FF5450EB6F4C}.Release|Any CPU.Build.0 = Release|Any CPU
		{D7F80898-A48A-404D-880E-FF5450EB6F4C}.Release|x64.ActiveCfg = Release|Any CPU
		{D7F80898-A48A-404D-880E-FF5450EB6F4C}.Release|x64.Build.0 = Release|Any CPU
		{911D1C38-838A-4954-99BA-2250799110D4}.Debug|Any CPU.ActiveCfg = Debug|Any CPU
		{911D1C38-838A-4954-99BA-2250799110D4}.Debug|Any CPU.Build.0 = Debug|Any CPU
		{911D1C38-838A-4954-99BA-2250799110D4}.Debug|x64.ActiveCfg = Debug|Any CPU
		{911D1C38-838A-4954-99BA-2250799110D4}.Debug|x64.Build.0 = Debug|Any CPU
		{911D1C38-838A-4954-99BA-2250799110D4}.Release|Any CPU.ActiveCfg = Release|Any CPU
		{911D1C38-838A-4954-99BA-2250799110D4}.Release|Any CPU.Build.0 = Release|Any CPU
		{911D1C38-838A-4954-99BA-2250799110D4}.Release|x64.ActiveCfg = Release|Any CPU
		{911D1C38-838A-4954-99BA-2250799110D4}.Release|x64.Build.0 = Release|Any CPU
		{71B05313-D387-4935-8892-ACFC8F023CD1}.Debug|Any CPU.ActiveCfg = Debug|Any CPU
		{71B05313-D387-4935-8892-ACFC8F023CD1}.Debug|Any CPU.Build.0 = Debug|Any CPU
		{71B05313-D387-4935-8892-ACFC8F023CD1}.Debug|x64.ActiveCfg = Debug|Any CPU
		{71B05313-D387-4935-8892-ACFC8F023CD1}.Debug|x64.Build.0 = Debug|Any CPU
		{71B05313-D387-4935-8892-ACFC8F023CD1}.Release|Any CPU.ActiveCfg = Release|Any CPU
		{71B05313-D387-4935-8892-ACFC8F023CD1}.Release|Any CPU.Build.0 = Release|Any CPU
		{71B05313-D387-4935-8892-ACFC8F023CD1}.Release|x64.ActiveCfg = Release|Any CPU
		{71B05313-D387-4935-8892-ACFC8F023CD1}.Release|x64.Build.0 = Release|Any CPU
		{2A032298-1B4F-4391-B39B-3118D1B215E4}.Debug|Any CPU.ActiveCfg = Debug|Any CPU
		{2A032298-1B4F-4391-B39B-3118D1B215E4}.Debug|Any CPU.Build.0 = Debug|Any CPU
		{2A032298-1B4F-4391-B39B-3118D1B215E4}.Debug|x64.ActiveCfg = Debug|Any CPU
		{2A032298-1B4F-4391-B39B-3118D1B215E4}.Debug|x64.Build.0 = Debug|Any CPU
		{2A032298-1B4F-4391-B39B-3118D1B215E4}.Release|Any CPU.ActiveCfg = Release|Any CPU
		{2A032298-1B4F-4391-B39B-3118D1B215E4}.Release|Any CPU.Build.0 = Release|Any CPU
		{2A032298-1B4F-4391-B39B-3118D1B215E4}.Release|x64.ActiveCfg = Release|Any CPU
		{2A032298-1B4F-4391-B39B-3118D1B215E4}.Release|x64.Build.0 = Release|Any CPU
		{83C7725A-F444-4351-97DE-5DCE1D982125}.Debug|Any CPU.ActiveCfg = Debug|Any CPU
		{83C7725A-F444-4351-97DE-5DCE1D982125}.Debug|Any CPU.Build.0 = Debug|Any CPU
		{83C7725A-F444-4351-97DE-5DCE1D982125}.Debug|x64.ActiveCfg = Debug|Any CPU
		{83C7725A-F444-4351-97DE-5DCE1D982125}.Debug|x64.Build.0 = Debug|Any CPU
		{83C7725A-F444-4351-97DE-5DCE1D982125}.Release|Any CPU.ActiveCfg = Release|Any CPU
		{83C7725A-F444-4351-97DE-5DCE1D982125}.Release|Any CPU.Build.0 = Release|Any CPU
		{83C7725A-F444-4351-97DE-5DCE1D982125}.Release|x64.ActiveCfg = Release|Any CPU
		{83C7725A-F444-4351-97DE-5DCE1D982125}.Release|x64.Build.0 = Release|Any CPU
		{9C34D595-053F-4EE0-9D22-782D1563799E}.Debug|Any CPU.ActiveCfg = Debug|Any CPU
		{9C34D595-053F-4EE0-9D22-782D1563799E}.Debug|Any CPU.Build.0 = Debug|Any CPU
		{9C34D595-053F-4EE0-9D22-782D1563799E}.Debug|x64.ActiveCfg = Debug|Any CPU
		{9C34D595-053F-4EE0-9D22-782D1563799E}.Debug|x64.Build.0 = Debug|Any CPU
		{9C34D595-053F-4EE0-9D22-782D1563799E}.Release|Any CPU.ActiveCfg = Release|Any CPU
		{9C34D595-053F-4EE0-9D22-782D1563799E}.Release|Any CPU.Build.0 = Release|Any CPU
		{9C34D595-053F-4EE0-9D22-782D1563799E}.Release|x64.ActiveCfg = Release|Any CPU
		{9C34D595-053F-4EE0-9D22-782D1563799E}.Release|x64.Build.0 = Release|Any CPU
		{5ED0E92D-6899-4FDF-8464-B9EBA2EBE92C}.Debug|Any CPU.ActiveCfg = Debug|Any CPU
		{5ED0E92D-6899-4FDF-8464-B9EBA2EBE92C}.Debug|Any CPU.Build.0 = Debug|Any CPU
		{5ED0E92D-6899-4FDF-8464-B9EBA2EBE92C}.Debug|x64.ActiveCfg = Debug|Any CPU
		{5ED0E92D-6899-4FDF-8464-B9EBA2EBE92C}.Debug|x64.Build.0 = Debug|Any CPU
		{5ED0E92D-6899-4FDF-8464-B9EBA2EBE92C}.Release|Any CPU.ActiveCfg = Release|Any CPU
		{5ED0E92D-6899-4FDF-8464-B9EBA2EBE92C}.Release|Any CPU.Build.0 = Release|Any CPU
		{5ED0E92D-6899-4FDF-8464-B9EBA2EBE92C}.Release|x64.ActiveCfg = Release|Any CPU
		{5ED0E92D-6899-4FDF-8464-B9EBA2EBE92C}.Release|x64.Build.0 = Release|Any CPU
		{2D0560C4-FE29-4E08-A6F3-56269C088BA0}.Debug|Any CPU.ActiveCfg = Debug|Any CPU
		{2D0560C4-FE29-4E08-A6F3-56269C088BA0}.Debug|Any CPU.Build.0 = Debug|Any CPU
		{2D0560C4-FE29-4E08-A6F3-56269C088BA0}.Debug|x64.ActiveCfg = Debug|Any CPU
		{2D0560C4-FE29-4E08-A6F3-56269C088BA0}.Debug|x64.Build.0 = Debug|Any CPU
		{2D0560C4-FE29-4E08-A6F3-56269C088BA0}.Release|Any CPU.ActiveCfg = Release|Any CPU
		{2D0560C4-FE29-4E08-A6F3-56269C088BA0}.Release|Any CPU.Build.0 = Release|Any CPU
		{2D0560C4-FE29-4E08-A6F3-56269C088BA0}.Release|x64.ActiveCfg = Release|Any CPU
		{2D0560C4-FE29-4E08-A6F3-56269C088BA0}.Release|x64.Build.0 = Release|Any CPU
		{D0326050-2C99-4F80-A7F3-543A99E42095}.Debug|Any CPU.ActiveCfg = Debug|Any CPU
		{D0326050-2C99-4F80-A7F3-543A99E42095}.Debug|Any CPU.Build.0 = Debug|Any CPU
		{D0326050-2C99-4F80-A7F3-543A99E42095}.Debug|x64.ActiveCfg = Debug|Any CPU
		{D0326050-2C99-4F80-A7F3-543A99E42095}.Debug|x64.Build.0 = Debug|Any CPU
		{D0326050-2C99-4F80-A7F3-543A99E42095}.Release|Any CPU.ActiveCfg = Release|Any CPU
		{D0326050-2C99-4F80-A7F3-543A99E42095}.Release|Any CPU.Build.0 = Release|Any CPU
		{D0326050-2C99-4F80-A7F3-543A99E42095}.Release|x64.ActiveCfg = Release|Any CPU
		{D0326050-2C99-4F80-A7F3-543A99E42095}.Release|x64.Build.0 = Release|Any CPU
		{CEAB9EC0-DA80-44A4-A15C-57E45B5A6221}.Debug|Any CPU.ActiveCfg = Debug|Any CPU
		{CEAB9EC0-DA80-44A4-A15C-57E45B5A6221}.Debug|Any CPU.Build.0 = Debug|Any CPU
		{CEAB9EC0-DA80-44A4-A15C-57E45B5A6221}.Debug|x64.ActiveCfg = Debug|Any CPU
		{CEAB9EC0-DA80-44A4-A15C-57E45B5A6221}.Debug|x64.Build.0 = Debug|Any CPU
		{CEAB9EC0-DA80-44A4-A15C-57E45B5A6221}.Release|Any CPU.ActiveCfg = Release|Any CPU
		{CEAB9EC0-DA80-44A4-A15C-57E45B5A6221}.Release|Any CPU.Build.0 = Release|Any CPU
		{CEAB9EC0-DA80-44A4-A15C-57E45B5A6221}.Release|x64.ActiveCfg = Release|Any CPU
		{CEAB9EC0-DA80-44A4-A15C-57E45B5A6221}.Release|x64.Build.0 = Release|Any CPU
		{89F41D8A-AAB6-47D1-AE34-482340ECEC27}.Debug|Any CPU.ActiveCfg = Debug|Any CPU
		{89F41D8A-AAB6-47D1-AE34-482340ECEC27}.Debug|Any CPU.Build.0 = Debug|Any CPU
		{89F41D8A-AAB6-47D1-AE34-482340ECEC27}.Debug|x64.ActiveCfg = Debug|Any CPU
		{89F41D8A-AAB6-47D1-AE34-482340ECEC27}.Debug|x64.Build.0 = Debug|Any CPU
		{89F41D8A-AAB6-47D1-AE34-482340ECEC27}.Release|Any CPU.ActiveCfg = Release|Any CPU
		{89F41D8A-AAB6-47D1-AE34-482340ECEC27}.Release|Any CPU.Build.0 = Release|Any CPU
		{89F41D8A-AAB6-47D1-AE34-482340ECEC27}.Release|x64.ActiveCfg = Release|Any CPU
		{89F41D8A-AAB6-47D1-AE34-482340ECEC27}.Release|x64.Build.0 = Release|Any CPU
		{BC74F6B5-9161-49B1-AF0E-292A8A064D06}.Debug|Any CPU.ActiveCfg = Debug|Any CPU
		{BC74F6B5-9161-49B1-AF0E-292A8A064D06}.Debug|Any CPU.Build.0 = Debug|Any CPU
		{BC74F6B5-9161-49B1-AF0E-292A8A064D06}.Debug|x64.ActiveCfg = Debug|Any CPU
		{BC74F6B5-9161-49B1-AF0E-292A8A064D06}.Debug|x64.Build.0 = Debug|Any CPU
		{BC74F6B5-9161-49B1-AF0E-292A8A064D06}.Release|Any CPU.ActiveCfg = Release|Any CPU
		{BC74F6B5-9161-49B1-AF0E-292A8A064D06}.Release|Any CPU.Build.0 = Release|Any CPU
		{BC74F6B5-9161-49B1-AF0E-292A8A064D06}.Release|x64.ActiveCfg = Release|Any CPU
		{BC74F6B5-9161-49B1-AF0E-292A8A064D06}.Release|x64.Build.0 = Release|Any CPU
	EndGlobalSection
	GlobalSection(SolutionProperties) = preSolution
		HideSolutionNode = FALSE
	EndGlobalSection
	GlobalSection(ExtensibilityGlobals) = postSolution
		SolutionGuid = {2D1FBDF7-2461-4773-B777-E80F41EA193E}
	EndGlobalSection
EndGlobal
