
Microsoft Visual Studio Solution File, Format Version 12.00
# Visual Studio Version 17
VisualStudioVersion = 17.3.32811.315
MinimumVisualStudioVersion = 10.0.40219.1
Project("{9A19103F-16F7-4668-BE54-9A1E7A4F7556}") = "TobuSeisouSystemNet2022", "TobuSeisouSystemNet2022\TobuSeisouSystemNet2022.csproj", "{37EA8C4D-DE09-4E22-9DCB-11F21757A413}"
EndProject
Project("{9A19103F-16F7-4668-BE54-9A1E7A4F7556}") = "Common", "Common\Common.csproj", "{B8E40A4C-FAB1-4CEE-A7D5-36F0A02A02B0}"
EndProject
Project("{9A19103F-16F7-4668-BE54-9A1E7A4F7556}") = "Vo", "Vo\Vo.csproj", "{A35D10F7-1782-4372-91C5-945E9A8B0CE8}"
EndProject
Project("{FAE04EC0-301F-11D3-BF4B-00C04F79EFBC}") = "VehicleDispatch", "VehicleDispatch\VehicleDispatch.csproj", "{F4D48A19-927E-43E5-AD12-16F10EDD9691}"
EndProject
Global
	GlobalSection(SolutionConfigurationPlatforms) = preSolution
		Debug|Any CPU = Debug|Any CPU
		Release|Any CPU = Release|Any CPU
	EndGlobalSection
	GlobalSection(ProjectConfigurationPlatforms) = postSolution
		{37EA8C4D-DE09-4E22-9DCB-11F21757A413}.Debug|Any CPU.ActiveCfg = Debug|Any CPU
		{37EA8C4D-DE09-4E22-9DCB-11F21757A413}.Debug|Any CPU.Build.0 = Debug|Any CPU
		{37EA8C4D-DE09-4E22-9DCB-11F21757A413}.Release|Any CPU.ActiveCfg = Release|Any CPU
		{37EA8C4D-DE09-4E22-9DCB-11F21757A413}.Release|Any CPU.Build.0 = Release|Any CPU
		{B8E40A4C-FAB1-4CEE-A7D5-36F0A02A02B0}.Debug|Any CPU.ActiveCfg = Debug|Any CPU
		{B8E40A4C-FAB1-4CEE-A7D5-36F0A02A02B0}.Debug|Any CPU.Build.0 = Debug|Any CPU
		{B8E40A4C-FAB1-4CEE-A7D5-36F0A02A02B0}.Release|Any CPU.ActiveCfg = Release|Any CPU
		{B8E40A4C-FAB1-4CEE-A7D5-36F0A02A02B0}.Release|Any CPU.Build.0 = Release|Any CPU
		{A35D10F7-1782-4372-91C5-945E9A8B0CE8}.Debug|Any CPU.ActiveCfg = Debug|Any CPU
		{A35D10F7-1782-4372-91C5-945E9A8B0CE8}.Debug|Any CPU.Build.0 = Debug|Any CPU
		{A35D10F7-1782-4372-91C5-945E9A8B0CE8}.Release|Any CPU.ActiveCfg = Release|Any CPU
		{A35D10F7-1782-4372-91C5-945E9A8B0CE8}.Release|Any CPU.Build.0 = Release|Any CPU
		{F4D48A19-927E-43E5-AD12-16F10EDD9691}.Debug|Any CPU.ActiveCfg = Debug|Any CPU
		{F4D48A19-927E-43E5-AD12-16F10EDD9691}.Debug|Any CPU.Build.0 = Debug|Any CPU
		{F4D48A19-927E-43E5-AD12-16F10EDD9691}.Release|Any CPU.ActiveCfg = Release|Any CPU
		{F4D48A19-927E-43E5-AD12-16F10EDD9691}.Release|Any CPU.Build.0 = Release|Any CPU
	EndGlobalSection
	GlobalSection(SolutionProperties) = preSolution
		HideSolutionNode = FALSE
	EndGlobalSection
	GlobalSection(ExtensibilityGlobals) = postSolution
		SolutionGuid = {2D1FBDF7-2461-4773-B777-E80F41EA193E}
	EndGlobalSection
EndGlobal
