
Microsoft Visual Studio Solution File, Format Version 12.00
# Visual Studio Version 17
VisualStudioVersion = 17.3.32811.315
MinimumVisualStudioVersion = 10.0.40219.1
Project("{9A19103F-16F7-4668-BE54-9A1E7A4F7556}") = "TobuSeisouSystemNet2022", "TobuSeisouSystemNet2022\TobuSeisouSystemNet2022.csproj", "{37EA8C4D-DE09-4E22-9DCB-11F21757A413}"
EndProject
Project("{9A19103F-16F7-4668-BE54-9A1E7A4F7556}") = "Common", "Common\Common.csproj", "{B8E40A4C-FAB1-4CEE-A7D5-36F0A02A02B0}"
EndProject
Project("{9A19103F-16F7-4668-BE54-9A1E7A4F7556}") = "Vo", "Vo\Vo.csproj", "{A35D10F7-1782-4372-91C5-945E9A8B0CE8}"
EndProject
Project("{9A19103F-16F7-4668-BE54-9A1E7A4F7556}") = "VehicleDispatch", "VehicleDispatch\VehicleDispatch.csproj", "{F4D48A19-927E-43E5-AD12-16F10EDD9691}"
EndProject
Project("{9A19103F-16F7-4668-BE54-9A1E7A4F7556}") = "ControlEx", "ControlEx\ControlEx.csproj", "{9CBBBD77-313C-47C1-85FA-02DA6C1CD81F}"
EndProject
Project("{9A19103F-16F7-4668-BE54-9A1E7A4F7556}") = "Dao", "Dao\Dao.csproj", "{65452013-3A2B-4301-9580-5551E489DC4D}"
EndProject
Project("{9A19103F-16F7-4668-BE54-9A1E7A4F7556}") = "Production", "Production\Production.csproj", "{F1CDAD5B-87CD-48CF-8F5D-BDE34FA3DE26}"
EndProject
Project("{9A19103F-16F7-4668-BE54-9A1E7A4F7556}") = "Staff", "Staff\Staff.csproj", "{2B83827A-CF0E-4FAE-B652-43F69D0E0145}"
EndProject
Project("{9A19103F-16F7-4668-BE54-9A1E7A4F7556}") = "License", "License\License.csproj", "{47706970-0D07-4893-BBB9-AA12F4141672}"
EndProject
Project("{9A19103F-16F7-4668-BE54-9A1E7A4F7556}") = "CarAccident", "CarAccident\CarAccident.csproj", "{D9DFEF19-7DAB-4D0B-A407-7C8BDF94FD44}"
EndProject
Project("{FAE04EC0-301F-11D3-BF4B-00C04F79EFBC}") = "Car", "Car\Car.csproj", "{D45D5CEF-1B2D-4359-896A-5B83A5AC05B7}"
EndProject
Global
	GlobalSection(SolutionConfigurationPlatforms) = preSolution
		Debug|Any CPU = Debug|Any CPU
		Debug|x64 = Debug|x64
		Release|Any CPU = Release|Any CPU
		Release|x64 = Release|x64
	EndGlobalSection
	GlobalSection(ProjectConfigurationPlatforms) = postSolution
		{37EA8C4D-DE09-4E22-9DCB-11F21757A413}.Debug|Any CPU.ActiveCfg = Debug|Any CPU
		{37EA8C4D-DE09-4E22-9DCB-11F21757A413}.Debug|Any CPU.Build.0 = Debug|Any CPU
		{37EA8C4D-DE09-4E22-9DCB-11F21757A413}.Debug|x64.ActiveCfg = Debug|Any CPU
		{37EA8C4D-DE09-4E22-9DCB-11F21757A413}.Debug|x64.Build.0 = Debug|Any CPU
		{37EA8C4D-DE09-4E22-9DCB-11F21757A413}.Release|Any CPU.ActiveCfg = Release|Any CPU
		{37EA8C4D-DE09-4E22-9DCB-11F21757A413}.Release|Any CPU.Build.0 = Release|Any CPU
		{37EA8C4D-DE09-4E22-9DCB-11F21757A413}.Release|x64.ActiveCfg = Release|Any CPU
		{37EA8C4D-DE09-4E22-9DCB-11F21757A413}.Release|x64.Build.0 = Release|Any CPU
		{B8E40A4C-FAB1-4CEE-A7D5-36F0A02A02B0}.Debug|Any CPU.ActiveCfg = Debug|Any CPU
		{B8E40A4C-FAB1-4CEE-A7D5-36F0A02A02B0}.Debug|Any CPU.Build.0 = Debug|Any CPU
		{B8E40A4C-FAB1-4CEE-A7D5-36F0A02A02B0}.Debug|x64.ActiveCfg = Debug|Any CPU
		{B8E40A4C-FAB1-4CEE-A7D5-36F0A02A02B0}.Debug|x64.Build.0 = Debug|Any CPU
		{B8E40A4C-FAB1-4CEE-A7D5-36F0A02A02B0}.Release|Any CPU.ActiveCfg = Release|Any CPU
		{B8E40A4C-FAB1-4CEE-A7D5-36F0A02A02B0}.Release|Any CPU.Build.0 = Release|Any CPU
		{B8E40A4C-FAB1-4CEE-A7D5-36F0A02A02B0}.Release|x64.ActiveCfg = Release|Any CPU
		{B8E40A4C-FAB1-4CEE-A7D5-36F0A02A02B0}.Release|x64.Build.0 = Release|Any CPU
		{A35D10F7-1782-4372-91C5-945E9A8B0CE8}.Debug|Any CPU.ActiveCfg = Debug|Any CPU
		{A35D10F7-1782-4372-91C5-945E9A8B0CE8}.Debug|Any CPU.Build.0 = Debug|Any CPU
		{A35D10F7-1782-4372-91C5-945E9A8B0CE8}.Debug|x64.ActiveCfg = Debug|Any CPU
		{A35D10F7-1782-4372-91C5-945E9A8B0CE8}.Debug|x64.Build.0 = Debug|Any CPU
		{A35D10F7-1782-4372-91C5-945E9A8B0CE8}.Release|Any CPU.ActiveCfg = Release|Any CPU
		{A35D10F7-1782-4372-91C5-945E9A8B0CE8}.Release|Any CPU.Build.0 = Release|Any CPU
		{A35D10F7-1782-4372-91C5-945E9A8B0CE8}.Release|x64.ActiveCfg = Release|Any CPU
		{A35D10F7-1782-4372-91C5-945E9A8B0CE8}.Release|x64.Build.0 = Release|Any CPU
		{F4D48A19-927E-43E5-AD12-16F10EDD9691}.Debug|Any CPU.ActiveCfg = Debug|Any CPU
		{F4D48A19-927E-43E5-AD12-16F10EDD9691}.Debug|Any CPU.Build.0 = Debug|Any CPU
		{F4D48A19-927E-43E5-AD12-16F10EDD9691}.Debug|x64.ActiveCfg = Debug|Any CPU
		{F4D48A19-927E-43E5-AD12-16F10EDD9691}.Debug|x64.Build.0 = Debug|Any CPU
		{F4D48A19-927E-43E5-AD12-16F10EDD9691}.Release|Any CPU.ActiveCfg = Release|Any CPU
		{F4D48A19-927E-43E5-AD12-16F10EDD9691}.Release|Any CPU.Build.0 = Release|Any CPU
		{F4D48A19-927E-43E5-AD12-16F10EDD9691}.Release|x64.ActiveCfg = Release|Any CPU
		{F4D48A19-927E-43E5-AD12-16F10EDD9691}.Release|x64.Build.0 = Release|Any CPU
		{9CBBBD77-313C-47C1-85FA-02DA6C1CD81F}.Debug|Any CPU.ActiveCfg = Debug|Any CPU
		{9CBBBD77-313C-47C1-85FA-02DA6C1CD81F}.Debug|Any CPU.Build.0 = Debug|Any CPU
		{9CBBBD77-313C-47C1-85FA-02DA6C1CD81F}.Debug|x64.ActiveCfg = Debug|Any CPU
		{9CBBBD77-313C-47C1-85FA-02DA6C1CD81F}.Debug|x64.Build.0 = Debug|Any CPU
		{9CBBBD77-313C-47C1-85FA-02DA6C1CD81F}.Release|Any CPU.ActiveCfg = Release|Any CPU
		{9CBBBD77-313C-47C1-85FA-02DA6C1CD81F}.Release|Any CPU.Build.0 = Release|Any CPU
		{9CBBBD77-313C-47C1-85FA-02DA6C1CD81F}.Release|x64.ActiveCfg = Release|Any CPU
		{9CBBBD77-313C-47C1-85FA-02DA6C1CD81F}.Release|x64.Build.0 = Release|Any CPU
		{65452013-3A2B-4301-9580-5551E489DC4D}.Debug|Any CPU.ActiveCfg = Debug|Any CPU
		{65452013-3A2B-4301-9580-5551E489DC4D}.Debug|Any CPU.Build.0 = Debug|Any CPU
		{65452013-3A2B-4301-9580-5551E489DC4D}.Debug|x64.ActiveCfg = Debug|Any CPU
		{65452013-3A2B-4301-9580-5551E489DC4D}.Debug|x64.Build.0 = Debug|Any CPU
		{65452013-3A2B-4301-9580-5551E489DC4D}.Release|Any CPU.ActiveCfg = Release|Any CPU
		{65452013-3A2B-4301-9580-5551E489DC4D}.Release|Any CPU.Build.0 = Release|Any CPU
		{65452013-3A2B-4301-9580-5551E489DC4D}.Release|x64.ActiveCfg = Release|Any CPU
		{65452013-3A2B-4301-9580-5551E489DC4D}.Release|x64.Build.0 = Release|Any CPU
		{F1CDAD5B-87CD-48CF-8F5D-BDE34FA3DE26}.Debug|Any CPU.ActiveCfg = Debug|Any CPU
		{F1CDAD5B-87CD-48CF-8F5D-BDE34FA3DE26}.Debug|Any CPU.Build.0 = Debug|Any CPU
		{F1CDAD5B-87CD-48CF-8F5D-BDE34FA3DE26}.Debug|x64.ActiveCfg = Debug|Any CPU
		{F1CDAD5B-87CD-48CF-8F5D-BDE34FA3DE26}.Debug|x64.Build.0 = Debug|Any CPU
		{F1CDAD5B-87CD-48CF-8F5D-BDE34FA3DE26}.Release|Any CPU.ActiveCfg = Release|Any CPU
		{F1CDAD5B-87CD-48CF-8F5D-BDE34FA3DE26}.Release|Any CPU.Build.0 = Release|Any CPU
		{F1CDAD5B-87CD-48CF-8F5D-BDE34FA3DE26}.Release|x64.ActiveCfg = Release|Any CPU
		{F1CDAD5B-87CD-48CF-8F5D-BDE34FA3DE26}.Release|x64.Build.0 = Release|Any CPU
		{2B83827A-CF0E-4FAE-B652-43F69D0E0145}.Debug|Any CPU.ActiveCfg = Debug|Any CPU
		{2B83827A-CF0E-4FAE-B652-43F69D0E0145}.Debug|Any CPU.Build.0 = Debug|Any CPU
		{2B83827A-CF0E-4FAE-B652-43F69D0E0145}.Debug|x64.ActiveCfg = Debug|Any CPU
		{2B83827A-CF0E-4FAE-B652-43F69D0E0145}.Debug|x64.Build.0 = Debug|Any CPU
		{2B83827A-CF0E-4FAE-B652-43F69D0E0145}.Release|Any CPU.ActiveCfg = Release|Any CPU
		{2B83827A-CF0E-4FAE-B652-43F69D0E0145}.Release|Any CPU.Build.0 = Release|Any CPU
		{2B83827A-CF0E-4FAE-B652-43F69D0E0145}.Release|x64.ActiveCfg = Release|Any CPU
		{2B83827A-CF0E-4FAE-B652-43F69D0E0145}.Release|x64.Build.0 = Release|Any CPU
		{47706970-0D07-4893-BBB9-AA12F4141672}.Debug|Any CPU.ActiveCfg = Debug|Any CPU
		{47706970-0D07-4893-BBB9-AA12F4141672}.Debug|Any CPU.Build.0 = Debug|Any CPU
		{47706970-0D07-4893-BBB9-AA12F4141672}.Debug|x64.ActiveCfg = Debug|Any CPU
		{47706970-0D07-4893-BBB9-AA12F4141672}.Debug|x64.Build.0 = Debug|Any CPU
		{47706970-0D07-4893-BBB9-AA12F4141672}.Release|Any CPU.ActiveCfg = Release|Any CPU
		{47706970-0D07-4893-BBB9-AA12F4141672}.Release|Any CPU.Build.0 = Release|Any CPU
		{47706970-0D07-4893-BBB9-AA12F4141672}.Release|x64.ActiveCfg = Release|Any CPU
		{47706970-0D07-4893-BBB9-AA12F4141672}.Release|x64.Build.0 = Release|Any CPU
		{D9DFEF19-7DAB-4D0B-A407-7C8BDF94FD44}.Debug|Any CPU.ActiveCfg = Debug|Any CPU
		{D9DFEF19-7DAB-4D0B-A407-7C8BDF94FD44}.Debug|Any CPU.Build.0 = Debug|Any CPU
		{D9DFEF19-7DAB-4D0B-A407-7C8BDF94FD44}.Debug|x64.ActiveCfg = Debug|Any CPU
		{D9DFEF19-7DAB-4D0B-A407-7C8BDF94FD44}.Debug|x64.Build.0 = Debug|Any CPU
		{D9DFEF19-7DAB-4D0B-A407-7C8BDF94FD44}.Release|Any CPU.ActiveCfg = Release|Any CPU
		{D9DFEF19-7DAB-4D0B-A407-7C8BDF94FD44}.Release|Any CPU.Build.0 = Release|Any CPU
		{D9DFEF19-7DAB-4D0B-A407-7C8BDF94FD44}.Release|x64.ActiveCfg = Release|Any CPU
		{D9DFEF19-7DAB-4D0B-A407-7C8BDF94FD44}.Release|x64.Build.0 = Release|Any CPU
		{D45D5CEF-1B2D-4359-896A-5B83A5AC05B7}.Debug|Any CPU.ActiveCfg = Debug|Any CPU
		{D45D5CEF-1B2D-4359-896A-5B83A5AC05B7}.Debug|Any CPU.Build.0 = Debug|Any CPU
		{D45D5CEF-1B2D-4359-896A-5B83A5AC05B7}.Debug|x64.ActiveCfg = Debug|Any CPU
		{D45D5CEF-1B2D-4359-896A-5B83A5AC05B7}.Debug|x64.Build.0 = Debug|Any CPU
		{D45D5CEF-1B2D-4359-896A-5B83A5AC05B7}.Release|Any CPU.ActiveCfg = Release|Any CPU
		{D45D5CEF-1B2D-4359-896A-5B83A5AC05B7}.Release|Any CPU.Build.0 = Release|Any CPU
		{D45D5CEF-1B2D-4359-896A-5B83A5AC05B7}.Release|x64.ActiveCfg = Release|Any CPU
		{D45D5CEF-1B2D-4359-896A-5B83A5AC05B7}.Release|x64.Build.0 = Release|Any CPU
	EndGlobalSection
	GlobalSection(SolutionProperties) = preSolution
		HideSolutionNode = FALSE
	EndGlobalSection
	GlobalSection(ExtensibilityGlobals) = postSolution
		SolutionGuid = {2D1FBDF7-2461-4773-B777-E80F41EA193E}
	EndGlobalSection
EndGlobal
